PODS:
  - HandpointSDK (3.3.2)

DEPENDENCIES:
  - HandpointSDK (from `~/repos/HandpointSDK-iOS/`)

EXTERNAL SOURCES:
  HandpointSDK:
    :path: "~/repos/HandpointSDK-iOS/"

SPEC CHECKSUMS:
  HandpointSDK: 588a295039e372c124498557e23c24b97167da5b

PODFILE CHECKSUM: e6c0d6b458db26fef10dda4617ce749d6bbcafb5

COCOAPODS: 1.10.1
